
Microsoft Visual Studio Solution File, Format Version 12.00
# Visual Studio Version 16
VisualStudioVersion = 16.0.30413.136
MinimumVisualStudioVersion = 10.0.40219.1
Project("{9A19103F-16F7-4668-BE54-9A1E7A4F7556}") = "DemoCore", "DemoCore\DemoCore.csproj", "{2FEC2922-18C3-4789-AD1B-658A6BB393EF}"
EndProject
Project("{9A19103F-16F7-4668-BE54-9A1E7A4F7556}") = "DemoView", "DemoView\DemoView.csproj", "{3788EE9A-73DA-4909-975F-6EE8491309DB}"
EndProject
Global
	GlobalSection(SolutionConfigurationPlatforms) = preSolution
		Debug|Any CPU = Debug|Any CPU
		Release|Any CPU = Release|Any CPU
	EndGlobalSection
	GlobalSection(ProjectConfigurationPlatforms) = postSolution
		{2FEC2922-18C3-4789-AD1B-658A6BB393EF}.Debug|Any CPU.ActiveCfg = Debug|Any CPU
		{2FEC2922-18C3-4789-AD1B-658A6BB393EF}.Debug|Any CPU.Build.0 = Debug|Any CPU
		{2FEC2922-18C3-4789-AD1B-658A6BB393EF}.Release|Any CPU.ActiveCfg = Release|Any CPU
		{2FEC2922-18C3-4789-AD1B-658A6BB393EF}.Release|Any CPU.Build.0 = Release|Any CPU
		{3788EE9A-73DA-4909-975F-6EE8491309DB}.Debug|Any CPU.ActiveCfg = Debug|Any CPU
		{3788EE9A-73DA-4909-975F-6EE8491309DB}.Debug|Any CPU.Build.0 = Debug|Any CPU
		{3788EE9A-73DA-4909-975F-6EE8491309DB}.Release|Any CPU.ActiveCfg = Release|Any CPU
		{3788EE9A-73DA-4909-975F-6EE8491309DB}.Release|Any CPU.Build.0 = Release|Any CPU
	EndGlobalSection
	GlobalSection(SolutionProperties) = preSolution
		HideSolutionNode = FALSE
	EndGlobalSection
	GlobalSection(ExtensibilityGlobals) = postSolution
		SolutionGuid = {03DE5171-FCDA-41E5-970A-704B950D388D}
	EndGlobalSection
EndGlobal
